
Microsoft Visual Studio Solution File, Format Version 12.00
# Visual Studio Version 17
VisualStudioVersion = 17.4.33122.133
MinimumVisualStudioVersion = 10.0.40219.1
Project("{2150E333-8FDC-42A3-9474-1A3956D46DE8}") = "Solution Items", "Solution Items", "{5D4445F3-96A2-4EAA-BA07-46C67DFA564A}"
	ProjectSection(SolutionItems) = preProject
		LICENSE = LICENSE
		README.md = README.md
	EndProjectSection
EndProject
Project("{9A19103F-16F7-4668-BE54-9A1E7A4F7556}") = "SNHU.IT700.Functions", "SNHU.IT700.Functions\SNHU.IT700.Functions.csproj", "{01637FA6-0588-4C90-AFAE-C241C598E432}"
EndProject
Project("{9A19103F-16F7-4668-BE54-9A1E7A4F7556}") = "SNHU.IT700.Functions.Tests", "SNHU.IT700.Functions.Tests\SNHU.IT700.Functions.Tests.csproj", "{6449940E-265C-4470-8599-03E8E2A01D6A}"
EndProject
Project("{9A19103F-16F7-4668-BE54-9A1E7A4F7556}") = "SNHU.IT700.Application.Tests", "SNHU.IT700.Application.Tests\SNHU.IT700.Application.Tests.csproj", "{53796FE3-C2A5-479C-B19F-F9BC0EE28ED1}"
EndProject
Project("{9A19103F-16F7-4668-BE54-9A1E7A4F7556}") = "SNHU.IT700.Application", "SNHU.IT700.Application\SNHU.IT700.Application.csproj", "{1E21CA84-751E-43A9-96E0-9F71778A11DD}"
EndProject
Global
	GlobalSection(SolutionConfigurationPlatforms) = preSolution
		Debug|Any CPU = Debug|Any CPU
		Release|Any CPU = Release|Any CPU
	EndGlobalSection
	GlobalSection(ProjectConfigurationPlatforms) = postSolution
		{01637FA6-0588-4C90-AFAE-C241C598E432}.Debug|Any CPU.ActiveCfg = Debug|Any CPU
		{01637FA6-0588-4C90-AFAE-C241C598E432}.Debug|Any CPU.Build.0 = Debug|Any CPU
		{01637FA6-0588-4C90-AFAE-C241C598E432}.Release|Any CPU.ActiveCfg = Release|Any CPU
		{01637FA6-0588-4C90-AFAE-C241C598E432}.Release|Any CPU.Build.0 = Release|Any CPU
		{6449940E-265C-4470-8599-03E8E2A01D6A}.Debug|Any CPU.ActiveCfg = Debug|Any CPU
		{6449940E-265C-4470-8599-03E8E2A01D6A}.Debug|Any CPU.Build.0 = Debug|Any CPU
		{6449940E-265C-4470-8599-03E8E2A01D6A}.Release|Any CPU.ActiveCfg = Release|Any CPU
		{6449940E-265C-4470-8599-03E8E2A01D6A}.Release|Any CPU.Build.0 = Release|Any CPU
		{53796FE3-C2A5-479C-B19F-F9BC0EE28ED1}.Debug|Any CPU.ActiveCfg = Debug|Any CPU
		{53796FE3-C2A5-479C-B19F-F9BC0EE28ED1}.Debug|Any CPU.Build.0 = Debug|Any CPU
		{53796FE3-C2A5-479C-B19F-F9BC0EE28ED1}.Release|Any CPU.ActiveCfg = Release|Any CPU
		{53796FE3-C2A5-479C-B19F-F9BC0EE28ED1}.Release|Any CPU.Build.0 = Release|Any CPU
		{1E21CA84-751E-43A9-96E0-9F71778A11DD}.Debug|Any CPU.ActiveCfg = Debug|Any CPU
		{1E21CA84-751E-43A9-96E0-9F71778A11DD}.Debug|Any CPU.Build.0 = Debug|Any CPU
		{1E21CA84-751E-43A9-96E0-9F71778A11DD}.Release|Any CPU.ActiveCfg = Release|Any CPU
		{1E21CA84-751E-43A9-96E0-9F71778A11DD}.Release|Any CPU.Build.0 = Release|Any CPU
	EndGlobalSection
	GlobalSection(SolutionProperties) = preSolution
		HideSolutionNode = FALSE
	EndGlobalSection
	GlobalSection(ExtensibilityGlobals) = postSolution
		SolutionGuid = {CA6F1AB1-4BF0-405A-91B6-2C04BA28EF05}
	EndGlobalSection
EndGlobal
