
Microsoft Visual Studio Solution File, Format Version 12.00
# Visual Studio Version 16
VisualStudioVersion = 16.0.29519.87
MinimumVisualStudioVersion = 10.0.40219.1
Project("{FAE04EC0-301F-11D3-BF4B-00C04F79EFBC}") = "TableStorageDemo", "TableStorageDemo.csproj", "{52FBD1A7-0C4B-476F-A8BA-D14AD48F4358}"
EndProject
Global
	GlobalSection(SolutionConfigurationPlatforms) = preSolution
		Debug|Any CPU = Debug|Any CPU
		Release|Any CPU = Release|Any CPU
	EndGlobalSection
	GlobalSection(ProjectConfigurationPlatforms) = postSolution
		{52FBD1A7-0C4B-476F-A8BA-D14AD48F4358}.Debug|Any CPU.ActiveCfg = Debug|Any CPU
		{52FBD1A7-0C4B-476F-A8BA-D14AD48F4358}.Debug|Any CPU.Build.0 = Debug|Any CPU
		{52FBD1A7-0C4B-476F-A8BA-D14AD48F4358}.Release|Any CPU.ActiveCfg = Release|Any CPU
		{52FBD1A7-0C4B-476F-A8BA-D14AD48F4358}.Release|Any CPU.Build.0 = Release|Any CPU
	EndGlobalSection
	GlobalSection(SolutionProperties) = preSolution
		HideSolutionNode = FALSE
	EndGlobalSection
	GlobalSection(ExtensibilityGlobals) = postSolution
		SolutionGuid = {AF937751-9946-4C99-9CBB-598B5C3E78FA}
	EndGlobalSection
EndGlobal
